
Microsoft Visual Studio Solution File, Format Version 12.00
# Visual Studio Version 17
VisualStudioVersion = 17.9.34728.123
MinimumVisualStudioVersion = 10.0.40219.1
Project("{FAE04EC0-301F-11D3-BF4B-00C04F79EFBC}") = "WinFormsApp3", "WinFormsApp3\WinFormsApp3.csproj", "{FD121BA1-40CB-4A20-92A3-745DF980D447}"
EndProject
Global
	GlobalSection(SolutionConfigurationPlatforms) = preSolution
		Debug|Any CPU = Debug|Any CPU
		Release|Any CPU = Release|Any CPU
	EndGlobalSection
	GlobalSection(ProjectConfigurationPlatforms) = postSolution
		{FD121BA1-40CB-4A20-92A3-745DF980D447}.Debug|Any CPU.ActiveCfg = Debug|Any CPU
		{FD121BA1-40CB-4A20-92A3-745DF980D447}.Debug|Any CPU.Build.0 = Debug|Any CPU
		{FD121BA1-40CB-4A20-92A3-745DF980D447}.Release|Any CPU.ActiveCfg = Release|Any CPU
		{FD121BA1-40CB-4A20-92A3-745DF980D447}.Release|Any CPU.Build.0 = Release|Any CPU
	EndGlobalSection
	GlobalSection(SolutionProperties) = preSolution
		HideSolutionNode = FALSE
	EndGlobalSection
	GlobalSection(ExtensibilityGlobals) = postSolution
		SolutionGuid = {FBA4BD0B-4F05-43A2-901F-6735A0D066C8}
	EndGlobalSection
EndGlobal
